
Microsoft Visual Studio Solution File, Format Version 12.00
# Visual Studio Version 17
VisualStudioVersion = 17.11.35222.181
MinimumVisualStudioVersion = 10.0.40219.1
Project("{FAE04EC0-301F-11D3-BF4B-00C04F79EFBC}") = "topic 4 monogame sounds", "topic 4 monogame sounds.csproj", "{487483C4-1BFE-4C24-8C9F-B1127D0EE6AD}"
EndProject
Global
	GlobalSection(SolutionConfigurationPlatforms) = preSolution
		Debug|Any CPU = Debug|Any CPU
		Release|Any CPU = Release|Any CPU
	EndGlobalSection
	GlobalSection(ProjectConfigurationPlatforms) = postSolution
		{487483C4-1BFE-4C24-8C9F-B1127D0EE6AD}.Debug|Any CPU.ActiveCfg = Debug|Any CPU
		{487483C4-1BFE-4C24-8C9F-B1127D0EE6AD}.Debug|Any CPU.Build.0 = Debug|Any CPU
		{487483C4-1BFE-4C24-8C9F-B1127D0EE6AD}.Release|Any CPU.ActiveCfg = Release|Any CPU
		{487483C4-1BFE-4C24-8C9F-B1127D0EE6AD}.Release|Any CPU.Build.0 = Release|Any CPU
	EndGlobalSection
	GlobalSection(SolutionProperties) = preSolution
		HideSolutionNode = FALSE
	EndGlobalSection
	GlobalSection(ExtensibilityGlobals) = postSolution
		SolutionGuid = {0F47635C-8EC2-47BE-A67E-513FB8F224FB}
	EndGlobalSection
EndGlobal
